
Microsoft Visual Studio Solution File, Format Version 12.00
# Visual Studio 15
VisualStudioVersion = 15.0.27703.2035
MinimumVisualStudioVersion = 10.0.40219.1
Project("{FAE04EC0-301F-11D3-BF4B-00C04F79EFBC}") = "Employee Roster2", "Employee Roster2\Employee Roster2.csproj", "{A2E2759F-EBDF-4D64-A300-4B027CD98FB4}"
EndProject
Global
	GlobalSection(SolutionConfigurationPlatforms) = preSolution
		Debug|Any CPU = Debug|Any CPU
		Release|Any CPU = Release|Any CPU
	EndGlobalSection
	GlobalSection(ProjectConfigurationPlatforms) = postSolution
		{A2E2759F-EBDF-4D64-A300-4B027CD98FB4}.Debug|Any CPU.ActiveCfg = Debug|Any CPU
		{A2E2759F-EBDF-4D64-A300-4B027CD98FB4}.Debug|Any CPU.Build.0 = Debug|Any CPU
		{A2E2759F-EBDF-4D64-A300-4B027CD98FB4}.Release|Any CPU.ActiveCfg = Release|Any CPU
		{A2E2759F-EBDF-4D64-A300-4B027CD98FB4}.Release|Any CPU.Build.0 = Release|Any CPU
	EndGlobalSection
	GlobalSection(SolutionProperties) = preSolution
		HideSolutionNode = FALSE
	EndGlobalSection
	GlobalSection(ExtensibilityGlobals) = postSolution
		SolutionGuid = {CBC92C59-27E3-402B-8141-CF291A7444D5}
	EndGlobalSection
EndGlobal
